PODS:
  - AppAuth (1.7.4):
    - AppAuth/Core (= 1.7.4)
    - AppAuth/ExternalUserAgent (= 1.7.4)
  - AppAuth/Core (1.7.4)
  - AppAuth/ExternalUserAgent (1.7.4):
    - AppAuth/Core
  - battery_info (0.0.1):
    - Flutter
  - camera_avfoundation (0.0.1):
    - Flutter
  - connectivity_plus (0.0.1):
    - Flutter
    - ReachabilitySwift
  - device_info_plus (0.0.1):
    - Flutter
  - disk_space_plus (0.0.1):
    - Flutter
  - Flutter (1.0.0)
  - flutter_appauth (0.0.1):
    - AppAuth (= 1.7.4)
    - Flutter
  - gallery_saver (0.0.1):
    - Flutter
  - geolocator_apple (1.2.0):
    - Flutter
    - FlutterMacOS
  - network_info_plus (0.0.1):
    - Flutter
  - package_info_plus (0.4.5):
    - Flutter
  - path_provider_foundation (0.0.1):
    - Flutter
    - FlutterMacOS
  - permission_handler_apple (9.3.0):
    - Flutter
  - photo_manager (2.0.0):
    - Flutter
    - FlutterMacOS
  - ReachabilitySwift (5.2.4)
  - shared_preferences_foundation (0.0.1):
    - Flutter
    - FlutterMacOS
  - video_player_avfoundation (0.0.1):
    - Flutter
    - FlutterMacOS
  - wakelock_plus (0.0.1):
    - Flutter

DEPENDENCIES:
  - battery_info (from `.symlinks/plugins/battery_info/ios`)
  - camera_avfoundation (from `.symlinks/plugins/camera_avfoundation/ios`)
  - connectivity_plus (from `.symlinks/plugins/connectivity_plus/ios`)
  - device_info_plus (from `.symlinks/plugins/device_info_plus/ios`)
  - disk_space_plus (from `.symlinks/plugins/disk_space_plus/ios`)
  - Flutter (from `Flutter`)
  - flutter_appauth (from `.symlinks/plugins/flutter_appauth/ios`)
  - gallery_saver (from `.symlinks/plugins/gallery_saver/ios`)
  - geolocator_apple (from `.symlinks/plugins/geolocator_apple/darwin`)
  - network_info_plus (from `.symlinks/plugins/network_info_plus/ios`)
  - package_info_plus (from `.symlinks/plugins/package_info_plus/ios`)
  - path_provider_foundation (from `.symlinks/plugins/path_provider_foundation/darwin`)
  - permission_handler_apple (from `.symlinks/plugins/permission_handler_apple/ios`)
  - photo_manager (from `.symlinks/plugins/photo_manager/ios`)
  - shared_preferences_foundation (from `.symlinks/plugins/shared_preferences_foundation/darwin`)
  - video_player_avfoundation (from `.symlinks/plugins/video_player_avfoundation/darwin`)
  - wakelock_plus (from `.symlinks/plugins/wakelock_plus/ios`)

SPEC REPOS:
  trunk:
    - AppAuth
    - ReachabilitySwift

EXTERNAL SOURCES:
  battery_info:
    :path: ".symlinks/plugins/battery_info/ios"
  camera_avfoundation:
    :path: ".symlinks/plugins/camera_avfoundation/ios"
  connectivity_plus:
    :path: ".symlinks/plugins/connectivity_plus/ios"
  device_info_plus:
    :path: ".symlinks/plugins/device_info_plus/ios"
  disk_space_plus:
    :path: ".symlinks/plugins/disk_space_plus/ios"
  Flutter:
    :path: Flutter
  flutter_appauth:
    :path: ".symlinks/plugins/flutter_appauth/ios"
  gallery_saver:
    :path: ".symlinks/plugins/gallery_saver/ios"
  geolocator_apple:
    :path: ".symlinks/plugins/geolocator_apple/darwin"
  network_info_plus:
    :path: ".symlinks/plugins/network_info_plus/ios"
  package_info_plus:
    :path: ".symlinks/plugins/package_info_plus/ios"
  path_provider_foundation:
    :path: ".symlinks/plugins/path_provider_foundation/darwin"
  permission_handler_apple:
    :path: ".symlinks/plugins/permission_handler_apple/ios"
  photo_manager:
    :path: ".symlinks/plugins/photo_manager/ios"
  shared_preferences_foundation:
    :path: ".symlinks/plugins/shared_preferences_foundation/darwin"
  video_player_avfoundation:
    :path: ".symlinks/plugins/video_player_avfoundation/darwin"
  wakelock_plus:
    :path: ".symlinks/plugins/wakelock_plus/ios"

SPEC CHECKSUMS:
  AppAuth: 182c5b88630569df5acb672720534756c29b3358
  battery_info: a06b00c06a39bc94c92beebf600f1810cb6c8c87
  camera_avfoundation: 04b44aeb14070126c6529e5ab82cc7c9fca107cf
  connectivity_plus: 481668c94744c30c53b8895afb39159d1e619bdf
  device_info_plus: 335f3ce08d2e174b9fdc3db3db0f4e3b1f66bd89
  disk_space_plus: 59f8bdc7d1c9aad9e83f3659ed0e21c656277ada
  Flutter: e0871f40cf51350855a761d2e70bf5af5b9b5de7
  flutter_appauth: b951036a3b715d9e38fe5c0e2eb9aded58383984
  gallery_saver: 1d68d1818df11b1afa84a97d1a530463753e92e3
  geolocator_apple: ab36aa0e8b7d7a2d7639b3b4e48308394e8cef5e
  network_info_plus: cf61925ab5205dce05a4f0895989afdb6aade5fc
  package_info_plus: 566e1b7a2f3900e4b0020914ad3fc051dcc95596
  path_provider_foundation: 080d55be775b7414fd5a5ef3ac137b97b097e564
  permission_handler_apple: 4ed2196e43d0651e8ff7ca3483a069d469701f2d
  photo_manager: d2fbcc0f2d82458700ee6256a15018210a81d413
  ReachabilitySwift: 32793e867593cfc1177f5d16491e3a197d2fccda
  shared_preferences_foundation: 9e1978ff2562383bd5676f64ec4e9aa8fa06a6f7
  video_player_avfoundation: 2cef49524dd1f16c5300b9cd6efd9611ce03639b
  wakelock_plus: fd58c82b1388f4afe3fe8aa2c856503a262a5b03

PODFILE CHECKSUM: ba2c63c826fc61e5f3ac9a05f8bf5bfdb9f9585c

COCOAPODS: 1.16.2
